<?xml version="1.0" encoding="utf-8"?>
<Project ToolsVersion="4.0" xmlns="http://schemas.microsoft.com/developer/msbuild/2003">
  <ItemGroup>
    <Filter Include="Source Files">
      <UniqueIdentifier>{4FC737F1-C7A5-4376-A066-2A32D752A2FF}</UniqueIdentifier>
      <Extensions>cpp;c;cc;cxx;def;odl;idl;hpj;bat;asm;asmx</Extensions>
    </Filter>
    <Filter Include="Header Files">
      <UniqueIdentifier>{93995380-89BD-4b04-88EB-625FBE52EBFB}</UniqueIdentifier>
      <Extensions>h;hh;hpp;hxx;hm;inl;inc;xsd</Extensions>
    </Filter>
    <Filter Include="Resource Files">
      <UniqueIdentifier>{67DA6AB6-F800-4c08-8B7A-83BB121AAD01}</UniqueIdentifier>
      <Extensions>rc;ico;cur;bmp;dlg;rc2;rct;bin;rgs;gif;jpg;jpeg;jpe;resx;tiff;tif;png;wav;mfcribbon-ms</Extensions>
    </Filter>
  </ItemGroup>
  <ItemGroup>
    <Text Include="ReadMe.txt" />
  </ItemGroup>
  <ItemGroup>
    <ClCompile Include="IABattle.cpp">
      <Filter>Source Files</Filter>
    </ClCompile>
    <ClCompile Include="Action.cpp">
      <Filter>Source Files</Filter>
    </ClCompile>
    <ClCompile Include="ArmorCapacity.cpp">
      <Filter>Source Files</Filter>
    </ClCompile>
    <ClCompile Include="Army.cpp">
      <Filter>Source Files</Filter>
    </ClCompile>
    <ClCompile Include="Capacity.cpp">
      <Filter>Source Files</Filter>
    </ClCompile>
    <ClCompile Include="HealthCapacity.cpp">
      <Filter>Source Files</Filter>
    </ClCompile>
    <ClCompile Include="Point.cpp">
      <Filter>Source Files</Filter>
    </ClCompile>
    <ClCompile Include="RegenCapacity.cpp">
      <Filter>Source Files</Filter>
    </ClCompile>
    <ClCompile Include="SpeedCapacity.cpp">
      <Filter>Source Files</Filter>
    </ClCompile>
    <ClCompile Include="Unit.cpp">
      <Filter>Source Files</Filter>
    </ClCompile>
    <ClCompile Include="UnitAI.cpp">
      <Filter>Source Files</Filter>
    </ClCompile>
    <ClCompile Include="WeaponDamageCapacity.cpp">
      <Filter>Source Files</Filter>
    </ClCompile>
    <ClCompile Include="WeaponRangeCapacity.cpp">
      <Filter>Source Files</Filter>
    </ClCompile>
    <ClCompile Include="WeaponSpeedCapacity.cpp">
      <Filter>Source Files</Filter>
    </ClCompile>
  </ItemGroup>
  <ItemGroup>
    <ClInclude Include="Action.h">
      <Filter>Header Files</Filter>
    </ClInclude>
    <ClInclude Include="ArmorCapacity.h">
      <Filter>Header Files</Filter>
    </ClInclude>
    <ClInclude Include="Army.h">
      <Filter>Header Files</Filter>
    </ClInclude>
    <ClInclude Include="Capacity.h">
      <Filter>Header Files</Filter>
    </ClInclude>
    <ClInclude Include="HealthCapacity.h">
      <Filter>Header Files</Filter>
    </ClInclude>
    <ClInclude Include="Point.h">
      <Filter>Header Files</Filter>
    </ClInclude>
    <ClInclude Include="RegenCapacity.h">
      <Filter>Header Files</Filter>
    </ClInclude>
    <ClInclude Include="SpeedCapacity.h">
      <Filter>Header Files</Filter>
    </ClInclude>
    <ClInclude Include="Unit.h">
      <Filter>Header Files</Filter>
    </ClInclude>
    <ClInclude Include="UnitAI.h">
      <Filter>Header Files</Filter>
    </ClInclude>
    <ClInclude Include="WeaponDamageCapacity.h">
      <Filter>Header Files</Filter>
    </ClInclude>
    <ClInclude Include="WeaponRangeCapacity.h">
      <Filter>Header Files</Filter>
    </ClInclude>
    <ClInclude Include="WeaponSpeedCapacity.h">
      <Filter>Header Files</Filter>
    </ClInclude>
  </ItemGroup>
</Project>